<?xml version="1.0" encoding="UTF-8" standalone="yes" ?>
<CodeBlocks_project_file>
	<FileVersion major="1" minor="6" />
	<Project>
		<Option title="CODEV2__propre" />
		<Option pch_mode="2" />
		<Option compiler="gcc" />
		<Build>
			<Target title="Debug">
				<Option output="bin/Debug/CODEV2_1_propre" prefix_auto="1" extension_auto="1" />
				<Option object_output="obj/Debug/" />
				<Option type="1" />
				<Option compiler="gcc" />
				<Compiler>
					<Add option="-g" />
				</Compiler>
			</Target>
			<Target title="Release">
				<Option output="bin/Release/CODEV2_1_propre" prefix_auto="1" extension_auto="1" />
				<Option object_output="obj/Release/" />
				<Option type="1" />
				<Option compiler="gcc" />
				<Compiler>
					<Add option="-O2" />
					<Add option="-Weffc++" />
					<Add option="-Wextra" />
					<Add option="-Wall" />
				</Compiler>
				<Linker>
					<Add option="-s" />
				</Linker>
			</Target>
		</Build>
		<Compiler>
			<Add option="-Wall" />
		</Compiler>
		<Unit filename="Initialisation.c">
			<Option compilerVar="CC" />
		</Unit>
		<Unit filename="Initialisation.h" />
		<Unit filename="affichage.c">
			<Option compilerVar="CC" />
		</Unit>
		<Unit filename="affichage.h" />
		<Unit filename="cases.c">
			<Option compilerVar="CC" />
		</Unit>
		<Unit filename="cases.h" />
		<Unit filename="definition.h" />
		<Unit filename="game.c">
			<Option compilerVar="CC" />
		</Unit>
		<Unit filename="game.h" />
		<Unit filename="ihm.c">
			<Option compilerVar="CC" />
		</Unit>
		<Unit filename="ihm.h" />
		<Unit filename="main.c">
			<Option compilerVar="CC" />
		</Unit>
		<Unit filename="ordres.c">
			<Option compilerVar="CC" />
		</Unit>
		<Unit filename="ordres.h" />
		<Unit filename="plateau.c">
			<Option compilerVar="CC" />
		</Unit>
		<Unit filename="plateau.h" />
		<Unit filename="util.c">
			<Option compilerVar="CC" />
		</Unit>
		<Unit filename="util.h" />
		<Extensions>
			<lib_finder disable_auto="1" />
		</Extensions>
	</Project>
</CodeBlocks_project_file>
